uuid: dbcd65cb-47e3-4535-ad7a-b8de38841123
langcode: ru
status: true
dependencies:
  config:
    - paragraphs.paragraphs_type.proizvodstvo_block
  module:
    - content_translation
third_party_settings:
  content_translation:
    enabled: false
    bundle_settings:
      untranslatable_fields_hide: '0'
id: paragraph.proizvodstvo_block
target_entity_type_id: paragraph
target_bundle: proizvodstvo_block
default_langcode: site_default
language_alterable: false
