uuid: ba929ad1-5b1c-4996-8dbd-203839033ac3
langcode: ru
status: true
dependencies:
  config:
    - paragraphs.paragraphs_type.produkciya_block
  module:
    - content_translation
third_party_settings:
  content_translation:
    enabled: false
    bundle_settings:
      untranslatable_fields_hide: '0'
id: paragraph.produkciya_block
target_entity_type_id: paragraph
target_bundle: produkciya_block
default_langcode: site_default
language_alterable: false
