uuid: b02387d0-1d92-49d4-bd7f-f60883d94d4f
langcode: ru
status: true
dependencies:
  config:
    - paragraphs.paragraphs_type.nam_doveryayut_block
  module:
    - content_translation
third_party_settings:
  content_translation:
    enabled: false
    bundle_settings:
      untranslatable_fields_hide: '0'
id: paragraph.nam_doveryayut_block
target_entity_type_id: paragraph
target_bundle: nam_doveryayut_block
default_langcode: site_default
language_alterable: false
