uuid: 5ef7168c-825d-45fa-87b8-135a63d7f02e
langcode: ru
status: true
dependencies:
  config:
    - paragraphs.paragraphs_type.uslugi_block
  module:
    - content_translation
third_party_settings:
  content_translation:
    enabled: false
    bundle_settings:
      untranslatable_fields_hide: '0'
id: paragraph.uslugi_block
target_entity_type_id: paragraph
target_bundle: uslugi_block
default_langcode: site_default
language_alterable: false
